
Microsoft Visual Studio Solution File, Format Version 12.00
# Visual Studio 15
VisualStudioVersion = 15.0.26730.16
MinimumVisualStudioVersion = 10.0.40219.1
Project("{FAE04EC0-301F-11D3-BF4B-00C04F79EFBC}") = "Nhr", "Nhr\Nhr.csproj", "{E6EC56DC-987F-4FA2-B825-EA7804BBAAC5}"
EndProject
Project("{FAE04EC0-301F-11D3-BF4B-00C04F79EFBC}") = "Nhr.Tests", "Nhr.Tests\Nhr.Tests.csproj", "{CD9AB975-CC45-4293-9795-8C9A6765DF4A}"
EndProject
Project("{FAE04EC0-301F-11D3-BF4B-00C04F79EFBC}") = "ProjectReading.Vs2017", "ProjectReading.Vs2017\ProjectReading.Vs2017.csproj", "{3A789890-FED2-4B08-9066-F44531F7247F}"
EndProject
Project("{FAE04EC0-301F-11D3-BF4B-00C04F79EFBC}") = "Nhr.Interfaces", "Nhr.Interfaces\Nhr.Interfaces.csproj", "{47F5082F-C573-4F0D-ACD1-239CB2CF8443}"
EndProject
Global
	GlobalSection(SolutionConfigurationPlatforms) = preSolution
		Debug|Any CPU = Debug|Any CPU
		Release|Any CPU = Release|Any CPU
	EndGlobalSection
	GlobalSection(ProjectConfigurationPlatforms) = postSolution
		{E6EC56DC-987F-4FA2-B825-EA7804BBAAC5}.Debug|Any CPU.ActiveCfg = Debug|Any CPU
		{E6EC56DC-987F-4FA2-B825-EA7804BBAAC5}.Debug|Any CPU.Build.0 = Debug|Any CPU
		{E6EC56DC-987F-4FA2-B825-EA7804BBAAC5}.Release|Any CPU.ActiveCfg = Release|Any CPU
		{E6EC56DC-987F-4FA2-B825-EA7804BBAAC5}.Release|Any CPU.Build.0 = Release|Any CPU
		{CD9AB975-CC45-4293-9795-8C9A6765DF4A}.Debug|Any CPU.ActiveCfg = Debug|Any CPU
		{CD9AB975-CC45-4293-9795-8C9A6765DF4A}.Debug|Any CPU.Build.0 = Debug|Any CPU
		{CD9AB975-CC45-4293-9795-8C9A6765DF4A}.Release|Any CPU.ActiveCfg = Release|Any CPU
		{CD9AB975-CC45-4293-9795-8C9A6765DF4A}.Release|Any CPU.Build.0 = Release|Any CPU
		{3A789890-FED2-4B08-9066-F44531F7247F}.Debug|Any CPU.ActiveCfg = Debug|Any CPU
		{3A789890-FED2-4B08-9066-F44531F7247F}.Debug|Any CPU.Build.0 = Debug|Any CPU
		{3A789890-FED2-4B08-9066-F44531F7247F}.Release|Any CPU.ActiveCfg = Release|Any CPU
		{3A789890-FED2-4B08-9066-F44531F7247F}.Release|Any CPU.Build.0 = Release|Any CPU
		{47F5082F-C573-4F0D-ACD1-239CB2CF8443}.Debug|Any CPU.ActiveCfg = Debug|Any CPU
		{47F5082F-C573-4F0D-ACD1-239CB2CF8443}.Debug|Any CPU.Build.0 = Debug|Any CPU
		{47F5082F-C573-4F0D-ACD1-239CB2CF8443}.Release|Any CPU.ActiveCfg = Release|Any CPU
		{47F5082F-C573-4F0D-ACD1-239CB2CF8443}.Release|Any CPU.Build.0 = Release|Any CPU
	EndGlobalSection
	GlobalSection(SolutionProperties) = preSolution
		HideSolutionNode = FALSE
	EndGlobalSection
	GlobalSection(ExtensibilityGlobals) = postSolution
		SolutionGuid = {A6808521-113A-4D64-A55A-34E46B19F39A}
	EndGlobalSection
EndGlobal
